<?xml version="1.0" encoding="UTF-8"?>
<Scheme
   version = "1.3">
   <BuildAction>
      <BuildActionEntries>
         <BuildActionEntry
            buildForRunning = "YES">
            <BuildableReference
               BuildableIdentifier = "primary"
               BlueprintIdentifier = "F3833B8328FF907A00361FA5"
               BuildableName = "AeroNaviMap.app"
               BlueprintName = "AeroNaviMap"
               ReferencedContainer = "container:AeroNaviMap.xcodeproj">
            </BuildableReference>
         </BuildActionEntry>
      </BuildActionEntries>
   </BuildAction>
   <LaunchAction
      useCustomWorkingDirectory = "NO"
      buildConfiguration = "Debug"
      allowLocationSimulation = "YES">
      <BuildableProductRunnable>
         <BuildableReference
            BuildableIdentifier = "primary"
            BlueprintIdentifier = "F3833B8328FF907A00361FA5"
            BuildableName = "AeroNaviMap.app"
            BlueprintName = "AeroNaviMap"
            ReferencedContainer = "container:AeroNaviMap.xcodeproj">
         </BuildableReference>
      </BuildableProductRunnable>
   </LaunchAction>
</Scheme>
